
Microsoft Visual Studio Solution File, Format Version 12.00
# Visual Studio Version 17
VisualStudioVersion = 17.14.36109.1 d17.14
MinimumVisualStudioVersion = 10.0.40219.1
Project("{FAE04EC0-301F-11D3-BF4B-00C04F79EFBC}") = "JobSearchBot", "JobSearchBot.csproj", "{34B64A8A-0FB2-4FDB-8277-58843B9BFACE}"
EndProject
Global
	GlobalSection(SolutionConfigurationPlatforms) = preSolution
		Debug|Any CPU = Debug|Any CPU
		Release|Any CPU = Release|Any CPU
	EndGlobalSection
	GlobalSection(ProjectConfigurationPlatforms) = postSolution
		{34B64A8A-0FB2-4FDB-8277-58843B9BFACE}.Debug|Any CPU.ActiveCfg = Debug|Any CPU
		{34B64A8A-0FB2-4FDB-8277-58843B9BFACE}.Debug|Any CPU.Build.0 = Debug|Any CPU
		{34B64A8A-0FB2-4FDB-8277-58843B9BFACE}.Release|Any CPU.ActiveCfg = Release|Any CPU
		{34B64A8A-0FB2-4FDB-8277-58843B9BFACE}.Release|Any CPU.Build.0 = Release|Any CPU
	EndGlobalSection
	GlobalSection(SolutionProperties) = preSolution
		HideSolutionNode = FALSE
	EndGlobalSection
	GlobalSection(ExtensibilityGlobals) = postSolution
		SolutionGuid = {BC9D1BA4-8458-491B-AE72-0199F5305EAD}
	EndGlobalSection
EndGlobal
